
Microsoft Visual Studio Solution File, Format Version 12.00
# Visual Studio Version 17
VisualStudioVersion = 17.9.34728.123
MinimumVisualStudioVersion = 10.0.40219.1
Project("{8BC9CEB8-8B4A-11D0-8D11-00A0C91BC942}") = "TD1_チーム制作", "TD1_チーム制作.vcxproj", "{48C02A20-4BD0-49AD-8273-87031203D8F8}"
EndProject
Global
	GlobalSection(SolutionConfigurationPlatforms) = preSolution
		Debug|x64 = Debug|x64
		Release|x64 = Release|x64
	EndGlobalSection
	GlobalSection(ProjectConfigurationPlatforms) = postSolution
		{48C02A20-4BD0-49AD-8273-87031203D8F8}.Debug|x64.ActiveCfg = Debug|x64
		{48C02A20-4BD0-49AD-8273-87031203D8F8}.Debug|x64.Build.0 = Debug|x64
		{48C02A20-4BD0-49AD-8273-87031203D8F8}.Release|x64.ActiveCfg = Release|x64
		{48C02A20-4BD0-49AD-8273-87031203D8F8}.Release|x64.Build.0 = Release|x64
	EndGlobalSection
	GlobalSection(SolutionProperties) = preSolution
		HideSolutionNode = FALSE
	EndGlobalSection
	GlobalSection(ExtensibilityGlobals) = postSolution
		SolutionGuid = {8AEAB177-FB99-46CE-BC71-A55BD0F6B892}
	EndGlobalSection
EndGlobal
